// !$*UTF8*$!
{
	archiveVersion = 1;
	classes = {
	};
	objectVersion = 51;
	objects = {

/* Begin PBXBuildFile section */
		690AD675254C590900655F19 /* CurrencyConversionCells.swift in Sources */ = {isa = PBXBuildFile; fileRef = 690AD674254C590900655F19 /* CurrencyConversionCells.swift */; };
		690AD67A254C5E7500655F19 /* ViewModelFormatters.swift in Sources */ = {isa = PBXBuildFile; fileRef = 690AD679254C5E7500655F19 /* ViewModelFormatters.swift */; };
		690AD69A254C8EC500655F19 /* SelectCurrencyVC.swift in Sources */ = {isa = PBXBuildFile; fileRef = 690AD699254C8EC500655F19 /* SelectCurrencyVC.swift */; };
		690AD69F254C8EF200655F19 /* UIViewExtension.swift in Sources */ = {isa = PBXBuildFile; fileRef = 690AD69E254C8EF200655F19 /* UIViewExtension.swift */; };
		690AD710254D810000655F19 /* RealmModel_UnitTests.swift in Sources */ = {isa = PBXBuildFile; fileRef = 690AD70F254D810000655F19 /* RealmModel_UnitTests.swift */; };
		690AD71B254D8A6C00655F19 /* CurrencyLayerResponseImpl_UnitTests.swift in Sources */ = {isa = PBXBuildFile; fileRef = 690AD71A254D8A6C00655F19 /* CurrencyLayerResponseImpl_UnitTests.swift */; };
		690AD720254D8E8400655F19 /* BaseAPI_UnitTests.swift in Sources */ = {isa = PBXBuildFile; fileRef = 690AD71F254D8E8400655F19 /* BaseAPI_UnitTests.swift */; };
		690AD726254D928700655F19 /* CurrencyFactory_UnitTests.swift in Sources */ = {isa = PBXBuildFile; fileRef = 690AD725254D928700655F19 /* CurrencyFactory_UnitTests.swift */; };
		690AD72F254E3E0F00655F19 /* APIable_UnitTests.swift in Sources */ = {isa = PBXBuildFile; fileRef = 690AD72E254E3E0F00655F19 /* APIable_UnitTests.swift */; };
		690AD743254E601C00655F19 /* DoubleRounding_UnitTests.swift in Sources */ = {isa = PBXBuildFile; fileRef = 690AD742254E601C00655F19 /* DoubleRounding_UnitTests.swift */; };
		690AD753254E633D00655F19 /* UIApplicationExtension_UnitTests.swift in Sources */ = {isa = PBXBuildFile; fileRef = 690AD752254E633D00655F19 /* UIApplicationExtension_UnitTests.swift */; };
		690AD75B254E666200655F19 /* UIViewExtension_UnitTests.swift in Sources */ = {isa = PBXBuildFile; fileRef = 690AD75A254E666200655F19 /* UIViewExtension_UnitTests.swift */; };
		690AD761254E677700655F19 /* Currency_UnitTests.swift in Sources */ = {isa = PBXBuildFile; fileRef = 690AD760254E677700655F19 /* Currency_UnitTests.swift */; };
		690AD76A254E6D6500655F19 /* AppDelegate_UnitTests.swift in Sources */ = {isa = PBXBuildFile; fileRef = 690AD769254E6D6500655F19 /* AppDelegate_UnitTests.swift */; };
		690AD772254E709100655F19 /* SceneDelegate_UnitTests.swift in Sources */ = {isa = PBXBuildFile; fileRef = 690AD771254E709100655F19 /* SceneDelegate_UnitTests.swift */; };
		690AD777254E79F600655F19 /* AppManager_UnitTests.swift in Sources */ = {isa = PBXBuildFile; fileRef = 690AD776254E79F600655F19 /* AppManager_UnitTests.swift */; };
		690AD781254E7EB100655F19 /* CurrencyConversionViewStateModel_UnitTests.swift in Sources */ = {isa = PBXBuildFile; fileRef = 690AD780254E7EB100655F19 /* CurrencyConversionViewStateModel_UnitTests.swift */; };
		691183662542F49200D24614 /* AppDelegate.swift in Sources */ = {isa = PBXBuildFile; fileRef = 691183652542F49200D24614 /* AppDelegate.swift */; };
		691183682542F49200D24614 /* SceneDelegate.swift in Sources */ = {isa = PBXBuildFile; fileRef = 691183672542F49200D24614 /* SceneDelegate.swift */; };
		6911836A2542F49200D24614 /* CurrencyConversionSView.swift in Sources */ = {isa = PBXBuildFile; fileRef = 691183692542F49200D24614 /* CurrencyConversionSView.swift */; };
		6911836C2542F49600D24614 /* Assets.xcassets in Resources */ = {isa = PBXBuildFile; fileRef = 6911836B2542F49600D24614 /* Assets.xcassets */; };
		6911836F2542F49600D24614 /* Preview Assets.xcassets in Resources */ = {isa = PBXBuildFile; fileRef = 6911836E2542F49600D24614 /* Preview Assets.xcassets */; };
		691183722542F49600D24614 /* LaunchScreen.storyboard in Resources */ = {isa = PBXBuildFile; fileRef = 691183702542F49600D24614 /* LaunchScreen.storyboard */; };
		6911837D2542F49700D24614 /* BaseCurrencyConverterTests.swift in Sources */ = {isa = PBXBuildFile; fileRef = 6911837C2542F49700D24614 /* BaseCurrencyConverterTests.swift */; };
		691183882542F49700D24614 /* CurrencyConverterUITests.swift in Sources */ = {isa = PBXBuildFile; fileRef = 691183872542F49700D24614 /* CurrencyConverterUITests.swift */; };
		691183992542F4DC00D24614 /* CurrencyAPI.swift in Sources */ = {isa = PBXBuildFile; fileRef = 691183982542F4DC00D24614 /* CurrencyAPI.swift */; };
		691183AD2542F76F00D24614 /* Currency.swift in Sources */ = {isa = PBXBuildFile; fileRef = 691183AC2542F76F00D24614 /* Currency.swift */; };
		691183BB2542FDA200D24614 /* CurrencyLayerAPI.swift in Sources */ = {isa = PBXBuildFile; fileRef = 691183BA2542FDA200D24614 /* CurrencyLayerAPI.swift */; };
		691183C22543054F00D24614 /* APIable.swift in Sources */ = {isa = PBXBuildFile; fileRef = 691183C12543054F00D24614 /* APIable.swift */; };
		691183C725430CD600D24614 /* Cancelable.swift in Sources */ = {isa = PBXBuildFile; fileRef = 691183C625430CD600D24614 /* Cancelable.swift */; };
		691183CD25431B8B00D24614 /* BaseAPI.swift in Sources */ = {isa = PBXBuildFile; fileRef = 691183CC25431B8B00D24614 /* BaseAPI.swift */; };
		691183E925441A8C00D24614 /* Double+Rounding.swift in Sources */ = {isa = PBXBuildFile; fileRef = 691183E825441A8C00D24614 /* Double+Rounding.swift */; };
		691183EE254420F100D24614 /* CurrencyConversionViewController.swift in Sources */ = {isa = PBXBuildFile; fileRef = 691183ED254420F100D24614 /* CurrencyConversionViewController.swift */; };
		691183FA254436D200D24614 /* KeyedCoderExtension.swift in Sources */ = {isa = PBXBuildFile; fileRef = 691183F9254436D200D24614 /* KeyedCoderExtension.swift */; };
		691184062544765800D24614 /* CurrencyFormViews.swift in Sources */ = {isa = PBXBuildFile; fileRef = 691184052544765800D24614 /* CurrencyFormViews.swift */; };
		6911843B2545416A00D24614 /* Database.swift in Sources */ = {isa = PBXBuildFile; fileRef = 6911843A2545416A00D24614 /* Database.swift */; };
		6911850D2545B93400D24614 /* Secrets.swift in Sources */ = {isa = PBXBuildFile; fileRef = 6911850C2545B93400D24614 /* Secrets.swift */; };
		692DCE412545C1DE002C35AB /* RealmCurrency.swift in Sources */ = {isa = PBXBuildFile; fileRef = 692DCE402545C1DE002C35AB /* RealmCurrency.swift */; };
		692DCE462545C4ED002C35AB /* CurrencyViewModelImpl.swift in Sources */ = {isa = PBXBuildFile; fileRef = 692DCE452545C4ED002C35AB /* CurrencyViewModelImpl.swift */; };
		692DCE4B2545DFAD002C35AB /* RealmDatabase.swift in Sources */ = {isa = PBXBuildFile; fileRef = 692DCE4A2545DFAD002C35AB /* RealmDatabase.swift */; };
		692DCE672548699C002C35AB /* CurrencyLayerResponse.swift in Sources */ = {isa = PBXBuildFile; fileRef = 692DCE662548699C002C35AB /* CurrencyLayerResponse.swift */; };
		692DCE6C254869AC002C35AB /* CurrencyLayerResponseImpl.swift in Sources */ = {isa = PBXBuildFile; fileRef = 692DCE6B254869AC002C35AB /* CurrencyLayerResponseImpl.swift */; };
		692DCE7225486FBB002C35AB /* CurrencyFactory.swift in Sources */ = {isa = PBXBuildFile; fileRef = 692DCE7125486FBB002C35AB /* CurrencyFactory.swift */; };
		692DCE872549732B002C35AB /* UIApplicationExtension.swift in Sources */ = {isa = PBXBuildFile; fileRef = 692DCE862549732B002C35AB /* UIApplicationExtension.swift */; };
		692DCE90254994C1002C35AB /* RealmCurrency_UnitTests.swift in Sources */ = {isa = PBXBuildFile; fileRef = 692DCE8F254994C1002C35AB /* RealmCurrency_UnitTests.swift */; };
		692DCEAD25499EFD002C35AB /* SwizzleClasses.swift in Sources */ = {isa = PBXBuildFile; fileRef = 692DCEAC25499EFD002C35AB /* SwizzleClasses.swift */; };
		692DCEB52549A302002C35AB /* AppManager.swift in Sources */ = {isa = PBXBuildFile; fileRef = 692DCEB42549A302002C35AB /* AppManager.swift */; };
		692DCEBA2549A69E002C35AB /* TestMocks.swift in Sources */ = {isa = PBXBuildFile; fileRef = 692DCEB92549A69E002C35AB /* TestMocks.swift */; };
		692DCECA2549C0B9002C35AB /* RealmCurrencyAdapter.swift in Sources */ = {isa = PBXBuildFile; fileRef = 692DCEC92549C0B9002C35AB /* RealmCurrencyAdapter.swift */; };
		692DCECF254AAB8E002C35AB /* RealmCurrencyAdapter_UnitTests.swift in Sources */ = {isa = PBXBuildFile; fileRef = 692DCECE254AAB8E002C35AB /* RealmCurrencyAdapter_UnitTests.swift */; };
		69D5E3CC254AF8AA0088335A /* CurrencyLayerAPI_IntegrationTests.swift in Sources */ = {isa = PBXBuildFile; fileRef = 69D5E3CB254AF8AA0088335A /* CurrencyLayerAPI_IntegrationTests.swift */; };
		69D5E3DB254AFD370088335A /* CCURLSession.swift in Sources */ = {isa = PBXBuildFile; fileRef = 69D5E3DA254AFD370088335A /* CCURLSession.swift */; };
		69D5E3EA254B00720088335A /* api.CurrencyLayer.live.json in Resources */ = {isa = PBXBuildFile; fileRef = 69D5E3E9254B00720088335A /* api.CurrencyLayer.live.json */; };
		69D5E3EF254B00B40088335A /* api.CurrencyLayer.list.json in Resources */ = {isa = PBXBuildFile; fileRef = 69D5E3EE254B00B40088335A /* api.CurrencyLayer.list.json */; };
		69D5E3F4254B08580088335A /* AppConstants.swift in Sources */ = {isa = PBXBuildFile; fileRef = 69D5E3F3254B08580088335A /* AppConstants.swift */; };
		69D5E426254BB8B20088335A /* FormCell.xib in Resources */ = {isa = PBXBuildFile; fileRef = 69D5E425254BB8B20088335A /* FormCell.xib */; };
		69D5E44E254C4A770088335A /* CurrencyConversionViewStateModel.swift in Sources */ = {isa = PBXBuildFile; fileRef = 69D5E44D254C4A770088335A /* CurrencyConversionViewStateModel.swift */; };
/* End PBXBuildFile section */

/* Begin PBXContainerItemProxy section */
		691183792542F49700D24614 /* PBXContainerItemProxy */ = {
			isa = PBXContainerItemProxy;
			containerPortal = 6911835A2542F49200D24614 /* Project object */;
			proxyType = 1;
			remoteGlobalIDString = 691183612542F49200D24614;
			remoteInfo = CurrencyConverter;
		};
		691183842542F49700D24614 /* PBXContainerItemProxy */ = {
			isa = PBXContainerItemProxy;
			containerPortal = 6911835A2542F49200D24614 /* Project object */;
			proxyType = 1;
			remoteGlobalIDString = 691183612542F49200D24614;
			remoteInfo = CurrencyConverter;
		};
/* End PBXContainerItemProxy section */

/* Begin PBXFileReference section */
		690AD674254C590900655F19 /* CurrencyConversionCells.swift */ = {isa = PBXFileReference; lastKnownFileType = sourcecode.swift; path = CurrencyConversionCells.swift; sourceTree = "<group>"; };
		690AD679254C5E7500655F19 /* ViewModelFormatters.swift */ = {isa = PBXFileReference; lastKnownFileType = sourcecode.swift; path = ViewModelFormatters.swift; sourceTree = "<group>"; };
		690AD699254C8EC500655F19 /* SelectCurrencyVC.swift */ = {isa = PBXFileReference; lastKnownFileType = sourcecode.swift; path = SelectCurrencyVC.swift; sourceTree = "<group>"; };
		690AD69E254C8EF200655F19 /* UIViewExtension.swift */ = {isa = PBXFileReference; lastKnownFileType = sourcecode.swift; path = UIViewExtension.swift; sourceTree = "<group>"; };
		690AD70F254D810000655F19 /* RealmModel_UnitTests.swift */ = {isa = PBXFileReference; lastKnownFileType = sourcecode.swift; path = RealmModel_UnitTests.swift; sourceTree = "<group>"; };
		690AD71A254D8A6C00655F19 /* CurrencyLayerResponseImpl_UnitTests.swift */ = {isa = PBXFileReference; lastKnownFileType = sourcecode.swift; path = CurrencyLayerResponseImpl_UnitTests.swift; sourceTree = "<group>"; };
		690AD71F254D8E8400655F19 /* BaseAPI_UnitTests.swift */ = {isa = PBXFileReference; lastKnownFileType = sourcecode.swift; path = BaseAPI_UnitTests.swift; sourceTree = "<group>"; };
		690AD725254D928700655F19 /* CurrencyFactory_UnitTests.swift */ = {isa = PBXFileReference; lastKnownFileType = sourcecode.swift; path = CurrencyFactory_UnitTests.swift; sourceTree = "<group>"; };
		690AD72E254E3E0F00655F19 /* APIable_UnitTests.swift */ = {isa = PBXFileReference; lastKnownFileType = sourcecode.swift; path = APIable_UnitTests.swift; sourceTree = "<group>"; };
		690AD742254E601C00655F19 /* DoubleRounding_UnitTests.swift */ = {isa = PBXFileReference; lastKnownFileType = sourcecode.swift; path = DoubleRounding_UnitTests.swift; sourceTree = "<group>"; };
		690AD752254E633D00655F19 /* UIApplicationExtension_UnitTests.swift */ = {isa = PBXFileReference; lastKnownFileType = sourcecode.swift; path = UIApplicationExtension_UnitTests.swift; sourceTree = "<group>"; };
		690AD75A254E666200655F19 /* UIViewExtension_UnitTests.swift */ = {isa = PBXFileReference; lastKnownFileType = sourcecode.swift; path = UIViewExtension_UnitTests.swift; sourceTree = "<group>"; };
		690AD760254E677700655F19 /* Currency_UnitTests.swift */ = {isa = PBXFileReference; lastKnownFileType = sourcecode.swift; path = Currency_UnitTests.swift; sourceTree = "<group>"; };
		690AD769254E6D6500655F19 /* AppDelegate_UnitTests.swift */ = {isa = PBXFileReference; lastKnownFileType = sourcecode.swift; path = AppDelegate_UnitTests.swift; sourceTree = "<group>"; };
		690AD771254E709100655F19 /* SceneDelegate_UnitTests.swift */ = {isa = PBXFileReference; lastKnownFileType = sourcecode.swift; path = SceneDelegate_UnitTests.swift; sourceTree = "<group>"; };
		690AD776254E79F600655F19 /* AppManager_UnitTests.swift */ = {isa = PBXFileReference; lastKnownFileType = sourcecode.swift; path = AppManager_UnitTests.swift; sourceTree = "<group>"; };
		690AD780254E7EB100655F19 /* CurrencyConversionViewStateModel_UnitTests.swift */ = {isa = PBXFileReference; lastKnownFileType = sourcecode.swift; path = CurrencyConversionViewStateModel_UnitTests.swift; sourceTree = "<group>"; };
		691183622542F49200D24614 /* CurrencyConverter.app */ = {isa = PBXFileReference; explicitFileType = wrapper.application; includeInIndex = 0; path = CurrencyConverter.app; sourceTree = BUILT_PRODUCTS_DIR; };
		691183652542F49200D24614 /* AppDelegate.swift */ = {isa = PBXFileReference; lastKnownFileType = sourcecode.swift; path = AppDelegate.swift; sourceTree = "<group>"; };
		691183672542F49200D24614 /* SceneDelegate.swift */ = {isa = PBXFileReference; lastKnownFileType = sourcecode.swift; path = SceneDelegate.swift; sourceTree = "<group>"; };
		691183692542F49200D24614 /* CurrencyConversionSView.swift */ = {isa = PBXFileReference; lastKnownFileType = sourcecode.swift; path = CurrencyConversionSView.swift; sourceTree = "<group>"; };
		6911836B2542F49600D24614 /* Assets.xcassets */ = {isa = PBXFileReference; lastKnownFileType = folder.assetcatalog; path = Assets.xcassets; sourceTree = "<group>"; };
		6911836E2542F49600D24614 /* Preview Assets.xcassets */ = {isa = PBXFileReference; lastKnownFileType = folder.assetcatalog; path = "Preview Assets.xcassets"; sourceTree = "<group>"; };
		691183712542F49600D24614 /* Base */ = {isa = PBXFileReference; lastKnownFileType = file.storyboard; name = Base; path = Base.lproj/LaunchScreen.storyboard; sourceTree = "<group>"; };
		691183732542F49600D24614 /* Info.plist */ = {isa = PBXFileReference; lastKnownFileType = text.plist.xml; path = Info.plist; sourceTree = "<group>"; };
		691183782542F49700D24614 /* CurrencyConverterTests.xctest */ = {isa = PBXFileReference; explicitFileType = wrapper.cfbundle; includeInIndex = 0; path = CurrencyConverterTests.xctest; sourceTree = BUILT_PRODUCTS_DIR; };
		6911837C2542F49700D24614 /* BaseCurrencyConverterTests.swift */ = {isa = PBXFileReference; lastKnownFileType = sourcecode.swift; path = BaseCurrencyConverterTests.swift; sourceTree = "<group>"; };
		6911837E2542F49700D24614 /* Info.plist */ = {isa = PBXFileReference; lastKnownFileType = text.plist.xml; path = Info.plist; sourceTree = "<group>"; };
		691183832542F49700D24614 /* CurrencyConverterUITests.xctest */ = {isa = PBXFileReference; explicitFileType = wrapper.cfbundle; includeInIndex = 0; path = CurrencyConverterUITests.xctest; sourceTree = BUILT_PRODUCTS_DIR; };
		691183872542F49700D24614 /* CurrencyConverterUITests.swift */ = {isa = PBXFileReference; lastKnownFileType = sourcecode.swift; path = CurrencyConverterUITests.swift; sourceTree = "<group>"; };
		691183892542F49700D24614 /* Info.plist */ = {isa = PBXFileReference; lastKnownFileType = text.plist.xml; path = Info.plist; sourceTree = "<group>"; };
		691183982542F4DC00D24614 /* CurrencyAPI.swift */ = {isa = PBXFileReference; lastKnownFileType = sourcecode.swift; path = CurrencyAPI.swift; sourceTree = "<group>"; };
		691183AC2542F76F00D24614 /* Currency.swift */ = {isa = PBXFileReference; lastKnownFileType = sourcecode.swift; path = Currency.swift; sourceTree = "<group>"; };
		691183BA2542FDA200D24614 /* CurrencyLayerAPI.swift */ = {isa = PBXFileReference; lastKnownFileType = sourcecode.swift; path = CurrencyLayerAPI.swift; sourceTree = "<group>"; };
		691183C12543054F00D24614 /* APIable.swift */ = {isa = PBXFileReference; lastKnownFileType = sourcecode.swift; path = APIable.swift; sourceTree = "<group>"; };
		691183C625430CD600D24614 /* Cancelable.swift */ = {isa = PBXFileReference; lastKnownFileType = sourcecode.swift; path = Cancelable.swift; sourceTree = "<group>"; };
		691183CC25431B8B00D24614 /* BaseAPI.swift */ = {isa = PBXFileReference; lastKnownFileType = sourcecode.swift; path = BaseAPI.swift; sourceTree = "<group>"; };
		691183E825441A8C00D24614 /* Double+Rounding.swift */ = {isa = PBXFileReference; lastKnownFileType = sourcecode.swift; path = "Double+Rounding.swift"; sourceTree = "<group>"; };
		691183ED254420F100D24614 /* CurrencyConversionViewController.swift */ = {isa = PBXFileReference; lastKnownFileType = sourcecode.swift; path = CurrencyConversionViewController.swift; sourceTree = "<group>"; };
		691183F9254436D200D24614 /* KeyedCoderExtension.swift */ = {isa = PBXFileReference; lastKnownFileType = sourcecode.swift; path = KeyedCoderExtension.swift; sourceTree = "<group>"; };
		691184052544765800D24614 /* CurrencyFormViews.swift */ = {isa = PBXFileReference; lastKnownFileType = sourcecode.swift; path = CurrencyFormViews.swift; sourceTree = "<group>"; };
		6911843A2545416A00D24614 /* Database.swift */ = {isa = PBXFileReference; lastKnownFileType = sourcecode.swift; path = Database.swift; sourceTree = "<group>"; };
		6911850C2545B93400D24614 /* Secrets.swift */ = {isa = PBXFileReference; lastKnownFileType = sourcecode.swift; path = Secrets.swift; sourceTree = "<group>"; };
		692DCE402545C1DE002C35AB /* RealmCurrency.swift */ = {isa = PBXFileReference; fileEncoding = 4; lastKnownFileType = sourcecode.swift; path = RealmCurrency.swift; sourceTree = "<group>"; };
		692DCE452545C4ED002C35AB /* CurrencyViewModelImpl.swift */ = {isa = PBXFileReference; lastKnownFileType = sourcecode.swift; path = CurrencyViewModelImpl.swift; sourceTree = "<group>"; };
		692DCE4A2545DFAD002C35AB /* RealmDatabase.swift */ = {isa = PBXFileReference; lastKnownFileType = sourcecode.swift; path = RealmDatabase.swift; sourceTree = "<group>"; };
		692DCE662548699C002C35AB /* CurrencyLayerResponse.swift */ = {isa = PBXFileReference; fileEncoding = 4; lastKnownFileType = sourcecode.swift; path = CurrencyLayerResponse.swift; sourceTree = "<group>"; };
		692DCE6B254869AC002C35AB /* CurrencyLayerResponseImpl.swift */ = {isa = PBXFileReference; fileEncoding = 4; lastKnownFileType = sourcecode.swift; name = CurrencyLayerResponseImpl.swift; path = Implementation/CurrencyLayerResponseImpl.swift; sourceTree = "<group>"; };
		692DCE7125486FBB002C35AB /* CurrencyFactory.swift */ = {isa = PBXFileReference; lastKnownFileType = sourcecode.swift; path = CurrencyFactory.swift; sourceTree = "<group>"; };
		692DCE862549732B002C35AB /* UIApplicationExtension.swift */ = {isa = PBXFileReference; lastKnownFileType = sourcecode.swift; path = UIApplicationExtension.swift; sourceTree = "<group>"; };
		692DCE8F254994C1002C35AB /* RealmCurrency_UnitTests.swift */ = {isa = PBXFileReference; lastKnownFileType = sourcecode.swift; path = RealmCurrency_UnitTests.swift; sourceTree = "<group>"; };
		692DCEAC25499EFD002C35AB /* SwizzleClasses.swift */ = {isa = PBXFileReference; lastKnownFileType = sourcecode.swift; path = SwizzleClasses.swift; sourceTree = "<group>"; };
		692DCEB42549A302002C35AB /* AppManager.swift */ = {isa = PBXFileReference; lastKnownFileType = sourcecode.swift; path = AppManager.swift; sourceTree = "<group>"; };
		692DCEB92549A69E002C35AB /* TestMocks.swift */ = {isa = PBXFileReference; lastKnownFileType = sourcecode.swift; path = TestMocks.swift; sourceTree = "<group>"; };
		692DCEC92549C0B9002C35AB /* RealmCurrencyAdapter.swift */ = {isa = PBXFileReference; lastKnownFileType = sourcecode.swift; path = RealmCurrencyAdapter.swift; sourceTree = "<group>"; };
		692DCECE254AAB8E002C35AB /* RealmCurrencyAdapter_UnitTests.swift */ = {isa = PBXFileReference; lastKnownFileType = sourcecode.swift; path = RealmCurrencyAdapter_UnitTests.swift; sourceTree = "<group>"; };
		69D5E3CB254AF8AA0088335A /* CurrencyLayerAPI_IntegrationTests.swift */ = {isa = PBXFileReference; lastKnownFileType = sourcecode.swift; path = CurrencyLayerAPI_IntegrationTests.swift; sourceTree = "<group>"; };
		69D5E3DA254AFD370088335A /* CCURLSession.swift */ = {isa = PBXFileReference; lastKnownFileType = sourcecode.swift; path = CCURLSession.swift; sourceTree = "<group>"; };
		69D5E3E9254B00720088335A /* api.CurrencyLayer.live.json */ = {isa = PBXFileReference; lastKnownFileType = text.json; path = api.CurrencyLayer.live.json; sourceTree = "<group>"; };
		69D5E3EE254B00B40088335A /* api.CurrencyLayer.list.json */ = {isa = PBXFileReference; lastKnownFileType = text.json; path = api.CurrencyLayer.list.json; sourceTree = "<group>"; };
		69D5E3F3254B08580088335A /* AppConstants.swift */ = {isa = PBXFileReference; lastKnownFileType = sourcecode.swift; path = AppConstants.swift; sourceTree = "<group>"; };
		69D5E425254BB8B20088335A /* FormCell.xib */ = {isa = PBXFileReference; lastKnownFileType = file.xib; path = FormCell.xib; sourceTree = "<group>"; };
		69D5E44D254C4A770088335A /* CurrencyConversionViewStateModel.swift */ = {isa = PBXFileReference; lastKnownFileType = sourcecode.swift; path = CurrencyConversionViewStateModel.swift; sourceTree = "<group>"; };
/* End PBXFileReference section */

/* Begin PBXFrameworksBuildPhase section */
		6911835F2542F49200D24614 /* Frameworks */ = {
			isa = PBXFrameworksBuildPhase;
			buildActionMask = 2147483647;
			files = (
			);
			runOnlyForDeploymentPostprocessing = 0;
		};
		691183752542F49700D24614 /* Frameworks */ = {
			isa = PBXFrameworksBuildPhase;
			buildActionMask = 2147483647;
			files = (
			);
			runOnlyForDeploymentPostprocessing = 0;
		};
		691183802542F49700D24614 /* Frameworks */ = {
			isa = PBXFrameworksBuildPhase;
			buildActionMask = 2147483647;
			files = (
			);
			runOnlyForDeploymentPostprocessing = 0;
		};
/* End PBXFrameworksBuildPhase section */

/* Begin PBXGroup section */
		690AD724254D926900655F19 /* Factories_UnitTests */ = {
			isa = PBXGroup;
			children = (
				690AD725254D928700655F19 /* CurrencyFactory_UnitTests.swift */,
			);
			path = Factories_UnitTests;
			sourceTree = "<group>";
		};
		690AD72D254E3DC100655F19 /* Protocols_UnitTests */ = {
			isa = PBXGroup;
			children = (
				690AD72E254E3E0F00655F19 /* APIable_UnitTests.swift */,
			);
			path = Protocols_UnitTests;
			sourceTree = "<group>";
		};
		690AD741254E5FFE00655F19 /* Extension_UnitTests */ = {
			isa = PBXGroup;
			children = (
				690AD742254E601C00655F19 /* DoubleRounding_UnitTests.swift */,
				690AD752254E633D00655F19 /* UIApplicationExtension_UnitTests.swift */,
				690AD75A254E666200655F19 /* UIViewExtension_UnitTests.swift */,
			);
			path = Extension_UnitTests;
			sourceTree = "<group>";
		};
		690AD75F254E676500655F19 /* Model_UnitTests */ = {
			isa = PBXGroup;
			children = (
				690AD760254E677700655F19 /* Currency_UnitTests.swift */,
			);
			path = Model_UnitTests;
			sourceTree = "<group>";
		};
		690AD768254E6D2A00655F19 /* App_UnitTests */ = {
			isa = PBXGroup;
			children = (
				690AD769254E6D6500655F19 /* AppDelegate_UnitTests.swift */,
				690AD771254E709100655F19 /* SceneDelegate_UnitTests.swift */,
				690AD776254E79F600655F19 /* AppManager_UnitTests.swift */,
			);
			path = App_UnitTests;
			sourceTree = "<group>";
		};
		690AD77B254E7DA100655F19 /* View_UnitTests */ = {
			isa = PBXGroup;
			children = (
				690AD77C254E7DAD00655F19 /* ViewModel_UnitTests */,
			);
			path = View_UnitTests;
			sourceTree = "<group>";
		};
		690AD77C254E7DAD00655F19 /* ViewModel_UnitTests */ = {
			isa = PBXGroup;
			children = (
				690AD780254E7EB100655F19 /* CurrencyConversionViewStateModel_UnitTests.swift */,
			);
			path = ViewModel_UnitTests;
			sourceTree = "<group>";
		};
		691183592542F49200D24614 = {
			isa = PBXGroup;
			children = (
				691183642542F49200D24614 /* CurrencyConverter */,
				6911837B2542F49700D24614 /* CurrencyConverterTests */,
				691183862542F49700D24614 /* CurrencyConverterUITests */,
				691183632542F49200D24614 /* Products */,
				A0DE190A2C1637DD867BA2DF /* Pods */,
			);
			sourceTree = "<group>";
		};
		691183632542F49200D24614 /* Products */ = {
			isa = PBXGroup;
			children = (
				691183622542F49200D24614 /* CurrencyConverter.app */,
				691183782542F49700D24614 /* CurrencyConverterTests.xctest */,
				691183832542F49700D24614 /* CurrencyConverterUITests.xctest */,
			);
			name = Products;
			sourceTree = "<group>";
		};
		691183642542F49200D24614 /* CurrencyConverter */ = {
			isa = PBXGroup;
			children = (
				691183732542F49600D24614 /* Info.plist */,
				692DCE79254917E1002C35AB /* Service */,
				6911844425456C6500D24614 /* Factories */,
				691183C02543053B00D24614 /* Protocols */,
				691183BF2543051400D24614 /* Extensions */,
				691183AB2542F72C00D24614 /* Model */,
				691183AA2542F56300D24614 /* AppResources */,
				691183A22542F52A00D24614 /* App */,
				691183A62542F53C00D24614 /* View */,
				6911836D2542F49600D24614 /* Preview Content */,
			);
			path = CurrencyConverter;
			sourceTree = "<group>";
		};
		6911836D2542F49600D24614 /* Preview Content */ = {
			isa = PBXGroup;
			children = (
				6911836E2542F49600D24614 /* Preview Assets.xcassets */,
			);
			path = "Preview Content";
			sourceTree = "<group>";
		};
		6911837B2542F49700D24614 /* CurrencyConverterTests */ = {
			isa = PBXGroup;
			children = (
				692DCE9725499524002C35AB /* Mocks */,
				692DCEAB25499EDD002C35AB /* Swizzle */,
				69D5E3DF254AFDD60088335A /* Fixture */,
				690AD77B254E7DA100655F19 /* View_UnitTests */,
				690AD768254E6D2A00655F19 /* App_UnitTests */,
				690AD75F254E676500655F19 /* Model_UnitTests */,
				690AD741254E5FFE00655F19 /* Extension_UnitTests */,
				690AD72D254E3DC100655F19 /* Protocols_UnitTests */,
				690AD724254D926900655F19 /* Factories_UnitTests */,
				69EBC9D4254ACE0100CCABA3 /* Integration_Tests */,
				692DCE8E2549944C002C35AB /* Service_UnitTests */,
				6911837C2542F49700D24614 /* BaseCurrencyConverterTests.swift */,
				6911837E2542F49700D24614 /* Info.plist */,
			);
			path = CurrencyConverterTests;
			sourceTree = "<group>";
		};
		691183862542F49700D24614 /* CurrencyConverterUITests */ = {
			isa = PBXGroup;
			children = (
				691183872542F49700D24614 /* CurrencyConverterUITests.swift */,
				691183892542F49700D24614 /* Info.plist */,
			);
			path = CurrencyConverterUITests;
			sourceTree = "<group>";
		};
		6911839E2542F4FF00D24614 /* API */ = {
			isa = PBXGroup;
			children = (
				691183CB25431B4600D24614 /* CurrencyLayerResponse */,
				691183CC25431B8B00D24614 /* BaseAPI.swift */,
				691183982542F4DC00D24614 /* CurrencyAPI.swift */,
				691183BA2542FDA200D24614 /* CurrencyLayerAPI.swift */,
			);
			path = API;
			sourceTree = "<group>";
		};
		691183A22542F52A00D24614 /* App */ = {
			isa = PBXGroup;
			children = (
				691183652542F49200D24614 /* AppDelegate.swift */,
				691183672542F49200D24614 /* SceneDelegate.swift */,
				692DCEB42549A302002C35AB /* AppManager.swift */,
				69D5E3F3254B08580088335A /* AppConstants.swift */,
			);
			path = App;
			sourceTree = "<group>";
		};
		691183A62542F53C00D24614 /* View */ = {
			isa = PBXGroup;
			children = (
				691183F5254420FB00D24614 /* CurrencyConversionPage */,
			);
			path = View;
			sourceTree = "<group>";
		};
		691183AA2542F56300D24614 /* AppResources */ = {
			isa = PBXGroup;
			children = (
				691183702542F49600D24614 /* LaunchScreen.storyboard */,
				6911836B2542F49600D24614 /* Assets.xcassets */,
				6911850C2545B93400D24614 /* Secrets.swift */,
			);
			path = AppResources;
			sourceTree = "<group>";
		};
		691183AB2542F72C00D24614 /* Model */ = {
			isa = PBXGroup;
			children = (
				692DCE3F2545C1B6002C35AB /* Implementation */,
				691183AC2542F76F00D24614 /* Currency.swift */,
			);
			path = Model;
			sourceTree = "<group>";
		};
		691183BF2543051400D24614 /* Extensions */ = {
			isa = PBXGroup;
			children = (
				691183E825441A8C00D24614 /* Double+Rounding.swift */,
				691183F9254436D200D24614 /* KeyedCoderExtension.swift */,
				692DCE862549732B002C35AB /* UIApplicationExtension.swift */,
				690AD69E254C8EF200655F19 /* UIViewExtension.swift */,
			);
			path = Extensions;
			sourceTree = "<group>";
		};
		691183C02543053B00D24614 /* Protocols */ = {
			isa = PBXGroup;
			children = (
				691183C12543054F00D24614 /* APIable.swift */,
				691183C625430CD600D24614 /* Cancelable.swift */,
			);
			path = Protocols;
			sourceTree = "<group>";
		};
		691183CB25431B4600D24614 /* CurrencyLayerResponse */ = {
			isa = PBXGroup;
			children = (
				692DCE6B254869AC002C35AB /* CurrencyLayerResponseImpl.swift */,
				692DCE662548699C002C35AB /* CurrencyLayerResponse.swift */,
			);
			path = CurrencyLayerResponse;
			sourceTree = "<group>";
		};
		691183F5254420FB00D24614 /* CurrencyConversionPage */ = {
			isa = PBXGroup;
			children = (
				69D5E44C254C4A090088335A /* View Model */,
				692DCE7025486F27002C35AB /* UIKit */,
				691184042544762000D24614 /* SwiftUI */,
			);
			path = CurrencyConversionPage;
			sourceTree = "<group>";
		};
		691184042544762000D24614 /* SwiftUI */ = {
			isa = PBXGroup;
			children = (
				691183692542F49200D24614 /* CurrencyConversionSView.swift */,
				691184052544765800D24614 /* CurrencyFormViews.swift */,
			);
			path = SwiftUI;
			sourceTree = "<group>";
		};
		691184392545415400D24614 /* Database */ = {
			isa = PBXGroup;
			children = (
				692DCE5A254867D6002C35AB /* Realm */,
				6911843A2545416A00D24614 /* Database.swift */,
			);
			path = Database;
			sourceTree = "<group>";
		};
		6911844425456C6500D24614 /* Factories */ = {
			isa = PBXGroup;
			children = (
				692DCE7125486FBB002C35AB /* CurrencyFactory.swift */,
			);
			path = Factories;
			sourceTree = "<group>";
		};
		692DCE3F2545C1B6002C35AB /* Implementation */ = {
			isa = PBXGroup;
			children = (
				692DCE452545C4ED002C35AB /* CurrencyViewModelImpl.swift */,
			);
			path = Implementation;
			sourceTree = "<group>";
		};
		692DCE5A254867D6002C35AB /* Realm */ = {
			isa = PBXGroup;
			children = (
				692DCE402545C1DE002C35AB /* RealmCurrency.swift */,
				692DCE4A2545DFAD002C35AB /* RealmDatabase.swift */,
				692DCEC92549C0B9002C35AB /* RealmCurrencyAdapter.swift */,
			);
			path = Realm;
			sourceTree = "<group>";
		};
		692DCE7025486F27002C35AB /* UIKit */ = {
			isa = PBXGroup;
			children = (
				69D5E42A254BB8C60088335A /* nibs */,
				691183ED254420F100D24614 /* CurrencyConversionViewController.swift */,
				690AD674254C590900655F19 /* CurrencyConversionCells.swift */,
				690AD699254C8EC500655F19 /* SelectCurrencyVC.swift */,
			);
			path = UIKit;
			sourceTree = "<group>";
		};
		692DCE79254917E1002C35AB /* Service */ = {
			isa = PBXGroup;
			children = (
				69D5E3D9254AFD1D0088335A /* Network */,
				691184392545415400D24614 /* Database */,
				6911839E2542F4FF00D24614 /* API */,
			);
			path = Service;
			sourceTree = "<group>";
		};
		692DCE8E2549944C002C35AB /* Service_UnitTests */ = {
			isa = PBXGroup;
			children = (
				692DCE8F254994C1002C35AB /* RealmCurrency_UnitTests.swift */,
				692DCECE254AAB8E002C35AB /* RealmCurrencyAdapter_UnitTests.swift */,
				690AD70F254D810000655F19 /* RealmModel_UnitTests.swift */,
				690AD71A254D8A6C00655F19 /* CurrencyLayerResponseImpl_UnitTests.swift */,
				690AD71F254D8E8400655F19 /* BaseAPI_UnitTests.swift */,
			);
			path = Service_UnitTests;
			sourceTree = "<group>";
		};
		692DCE9725499524002C35AB /* Mocks */ = {
			isa = PBXGroup;
			children = (
				692DCEB92549A69E002C35AB /* TestMocks.swift */,
			);
			path = Mocks;
			sourceTree = "<group>";
		};
		692DCEAB25499EDD002C35AB /* Swizzle */ = {
			isa = PBXGroup;
			children = (
				692DCEAC25499EFD002C35AB /* SwizzleClasses.swift */,
			);
			path = Swizzle;
			sourceTree = "<group>";
		};
		69D5E3D9254AFD1D0088335A /* Network */ = {
			isa = PBXGroup;
			children = (
				69D5E3DA254AFD370088335A /* CCURLSession.swift */,
			);
			path = Network;
			sourceTree = "<group>";
		};
		69D5E3DF254AFDD60088335A /* Fixture */ = {
			isa = PBXGroup;
			children = (
				69D5E3E9254B00720088335A /* api.CurrencyLayer.live.json */,
				69D5E3EE254B00B40088335A /* api.CurrencyLayer.list.json */,
			);
			path = Fixture;
			sourceTree = "<group>";
		};
		69D5E42A254BB8C60088335A /* nibs */ = {
			isa = PBXGroup;
			children = (
				69D5E425254BB8B20088335A /* FormCell.xib */,
			);
			path = nibs;
			sourceTree = "<group>";
		};
		69D5E44C254C4A090088335A /* View Model */ = {
			isa = PBXGroup;
			children = (
				69D5E44D254C4A770088335A /* CurrencyConversionViewStateModel.swift */,
				690AD679254C5E7500655F19 /* ViewModelFormatters.swift */,
			);
			path = "View Model";
			sourceTree = "<group>";
		};
		69EBC9D4254ACE0100CCABA3 /* Integration_Tests */ = {
			isa = PBXGroup;
			children = (
				69D5E3CB254AF8AA0088335A /* CurrencyLayerAPI_IntegrationTests.swift */,
			);
			path = Integration_Tests;
			sourceTree = "<group>";
		};
		A0DE190A2C1637DD867BA2DF /* Pods */ = {
			isa = PBXGroup;
			children = (
			);
			path = Pods;
			sourceTree = "<group>";
		};
/* End PBXGroup section */

/* Begin PBXNativeTarget section */
		691183612542F49200D24614 /* CurrencyConverter */ = {
			isa = PBXNativeTarget;
			buildConfigurationList = 6911838C2542F49700D24614 /* Build configuration list for PBXNativeTarget "CurrencyConverter" */;
			buildPhases = (
				6911835E2542F49200D24614 /* Sources */,
				6911835F2542F49200D24614 /* Frameworks */,
				691183602542F49200D24614 /* Resources */,
			);
			buildRules = (
			);
			dependencies = (
			);
			name = CurrencyConverter;
			productName = CurrencyConverter;
			productReference = 691183622542F49200D24614 /* CurrencyConverter.app */;
			productType = "com.apple.product-type.application";
		};
		691183772542F49700D24614 /* CurrencyConverterTests */ = {
			isa = PBXNativeTarget;
			buildConfigurationList = 6911838F2542F49700D24614 /* Build configuration list for PBXNativeTarget "CurrencyConverterTests" */;
			buildPhases = (
				691183742542F49700D24614 /* Sources */,
				691183752542F49700D24614 /* Frameworks */,
				691183762542F49700D24614 /* Resources */,
			);
			buildRules = (
			);
			dependencies = (
				6911837A2542F49700D24614 /* PBXTargetDependency */,
			);
			name = CurrencyConverterTests;
			productName = CurrencyConverterTests;
			productReference = 691183782542F49700D24614 /* CurrencyConverterTests.xctest */;
			productType = "com.apple.product-type.bundle.unit-test";
		};
		691183822542F49700D24614 /* CurrencyConverterUITests */ = {
			isa = PBXNativeTarget;
			buildConfigurationList = 691183922542F49700D24614 /* Build configuration list for PBXNativeTarget "CurrencyConverterUITests" */;
			buildPhases = (
				6911837F2542F49700D24614 /* Sources */,
				691183802542F49700D24614 /* Frameworks */,
				691183812542F49700D24614 /* Resources */,
			);
			buildRules = (
			);
			dependencies = (
				691183852542F49700D24614 /* PBXTargetDependency */,
			);
			name = CurrencyConverterUITests;
			productName = CurrencyConverterUITests;
			productReference = 691183832542F49700D24614 /* CurrencyConverterUITests.xctest */;
			productType = "com.apple.product-type.bundle.ui-testing";
		};
/* End PBXNativeTarget section */

/* Begin PBXProject section */
		6911835A2542F49200D24614 /* Project object */ = {
			isa = PBXProject;
			attributes = {
				LastSwiftUpdateCheck = 1200;
				LastUpgradeCheck = 1200;
				TargetAttributes = {
					691183612542F49200D24614 = {
						CreatedOnToolsVersion = 12.0.1;
					};
					691183772542F49700D24614 = {
						CreatedOnToolsVersion = 12.0.1;
						TestTargetID = 691183612542F49200D24614;
					};
					691183822542F49700D24614 = {
						CreatedOnToolsVersion = 12.0.1;
						TestTargetID = 691183612542F49200D24614;
					};
				};
			};
			buildConfigurationList = 6911835D2542F49200D24614 /* Build configuration list for PBXProject "CurrencyConverter" */;
			compatibilityVersion = "Xcode 9.3";
			developmentRegion = en;
			hasScannedForEncodings = 0;
			knownRegions = (
				en,
				Base,
			);
			mainGroup = 691183592542F49200D24614;
			productRefGroup = 691183632542F49200D24614 /* Products */;
			projectDirPath = "";
			projectRoot = "";
			targets = (
				691183612542F49200D24614 /* CurrencyConverter */,
				691183772542F49700D24614 /* CurrencyConverterTests */,
				691183822542F49700D24614 /* CurrencyConverterUITests */,
			);
		};
/* End PBXProject section */

/* Begin PBXResourcesBuildPhase section */
		691183602542F49200D24614 /* Resources */ = {
			isa = PBXResourcesBuildPhase;
			buildActionMask = 2147483647;
			files = (
				691183722542F49600D24614 /* LaunchScreen.storyboard in Resources */,
				69D5E426254BB8B20088335A /* FormCell.xib in Resources */,
				6911836F2542F49600D24614 /* Preview Assets.xcassets in Resources */,
				6911836C2542F49600D24614 /* Assets.xcassets in Resources */,
			);
			runOnlyForDeploymentPostprocessing = 0;
		};
		691183762542F49700D24614 /* Resources */ = {
			isa = PBXResourcesBuildPhase;
			buildActionMask = 2147483647;
			files = (
				69D5E3EA254B00720088335A /* api.CurrencyLayer.live.json in Resources */,
				69D5E3EF254B00B40088335A /* api.CurrencyLayer.list.json in Resources */,
			);
			runOnlyForDeploymentPostprocessing = 0;
		};
		691183812542F49700D24614 /* Resources */ = {
			isa = PBXResourcesBuildPhase;
			buildActionMask = 2147483647;
			files = (
			);
			runOnlyForDeploymentPostprocessing = 0;
		};
/* End PBXResourcesBuildPhase section */

/* Begin PBXSourcesBuildPhase section */
		6911835E2542F49200D24614 /* Sources */ = {
			isa = PBXSourcesBuildPhase;
			buildActionMask = 2147483647;
			files = (
				690AD675254C590900655F19 /* CurrencyConversionCells.swift in Sources */,
				691183662542F49200D24614 /* AppDelegate.swift in Sources */,
				692DCEB52549A302002C35AB /* AppManager.swift in Sources */,
				6911850D2545B93400D24614 /* Secrets.swift in Sources */,
				691183AD2542F76F00D24614 /* Currency.swift in Sources */,
				691183682542F49200D24614 /* SceneDelegate.swift in Sources */,
				690AD69F254C8EF200655F19 /* UIViewExtension.swift in Sources */,
				6911836A2542F49200D24614 /* CurrencyConversionSView.swift in Sources */,
				691183992542F4DC00D24614 /* CurrencyAPI.swift in Sources */,
				692DCE872549732B002C35AB /* UIApplicationExtension.swift in Sources */,
				691183E925441A8C00D24614 /* Double+Rounding.swift in Sources */,
				691183C22543054F00D24614 /* APIable.swift in Sources */,
				691183C725430CD600D24614 /* Cancelable.swift in Sources */,
				691183BB2542FDA200D24614 /* CurrencyLayerAPI.swift in Sources */,
				691183CD25431B8B00D24614 /* BaseAPI.swift in Sources */,
				69D5E3DB254AFD370088335A /* CCURLSession.swift in Sources */,
				692DCE462545C4ED002C35AB /* CurrencyViewModelImpl.swift in Sources */,
				692DCE7225486FBB002C35AB /* CurrencyFactory.swift in Sources */,
				6911843B2545416A00D24614 /* Database.swift in Sources */,
				69D5E44E254C4A770088335A /* CurrencyConversionViewStateModel.swift in Sources */,
				692DCE6C254869AC002C35AB /* CurrencyLayerResponseImpl.swift in Sources */,
				690AD69A254C8EC500655F19 /* SelectCurrencyVC.swift in Sources */,
				691183EE254420F100D24614 /* CurrencyConversionViewController.swift in Sources */,
				692DCE4B2545DFAD002C35AB /* RealmDatabase.swift in Sources */,
				691183FA254436D200D24614 /* KeyedCoderExtension.swift in Sources */,
				692DCE412545C1DE002C35AB /* RealmCurrency.swift in Sources */,
				692DCECA2549C0B9002C35AB /* RealmCurrencyAdapter.swift in Sources */,
				690AD67A254C5E7500655F19 /* ViewModelFormatters.swift in Sources */,
				692DCE672548699C002C35AB /* CurrencyLayerResponse.swift in Sources */,
				691184062544765800D24614 /* CurrencyFormViews.swift in Sources */,
				69D5E3F4254B08580088335A /* AppConstants.swift in Sources */,
			);
			runOnlyForDeploymentPostprocessing = 0;
		};
		691183742542F49700D24614 /* Sources */ = {
			isa = PBXSourcesBuildPhase;
			buildActionMask = 2147483647;
			files = (
				690AD761254E677700655F19 /* Currency_UnitTests.swift in Sources */,
				690AD71B254D8A6C00655F19 /* CurrencyLayerResponseImpl_UnitTests.swift in Sources */,
				690AD753254E633D00655F19 /* UIApplicationExtension_UnitTests.swift in Sources */,
				690AD710254D810000655F19 /* RealmModel_UnitTests.swift in Sources */,
				692DCEAD25499EFD002C35AB /* SwizzleClasses.swift in Sources */,
				690AD726254D928700655F19 /* CurrencyFactory_UnitTests.swift in Sources */,
				69D5E3CC254AF8AA0088335A /* CurrencyLayerAPI_IntegrationTests.swift in Sources */,
				690AD743254E601C00655F19 /* DoubleRounding_UnitTests.swift in Sources */,
				690AD75B254E666200655F19 /* UIViewExtension_UnitTests.swift in Sources */,
				690AD72F254E3E0F00655F19 /* APIable_UnitTests.swift in Sources */,
				690AD772254E709100655F19 /* SceneDelegate_UnitTests.swift in Sources */,
				692DCECF254AAB8E002C35AB /* RealmCurrencyAdapter_UnitTests.swift in Sources */,
				690AD777254E79F600655F19 /* AppManager_UnitTests.swift in Sources */,
				692DCE90254994C1002C35AB /* RealmCurrency_UnitTests.swift in Sources */,
				690AD781254E7EB100655F19 /* CurrencyConversionViewStateModel_UnitTests.swift in Sources */,
				6911837D2542F49700D24614 /* BaseCurrencyConverterTests.swift in Sources */,
				690AD76A254E6D6500655F19 /* AppDelegate_UnitTests.swift in Sources */,
				692DCEBA2549A69E002C35AB /* TestMocks.swift in Sources */,
				690AD720254D8E8400655F19 /* BaseAPI_UnitTests.swift in Sources */,
			);
			runOnlyForDeploymentPostprocessing = 0;
		};
		6911837F2542F49700D24614 /* Sources */ = {
			isa = PBXSourcesBuildPhase;
			buildActionMask = 2147483647;
			files = (
				691183882542F49700D24614 /* CurrencyConverterUITests.swift in Sources */,
			);
			runOnlyForDeploymentPostprocessing = 0;
		};
/* End PBXSourcesBuildPhase section */

/* Begin PBXTargetDependency section */
		6911837A2542F49700D24614 /* PBXTargetDependency */ = {
			isa = PBXTargetDependency;
			target = 691183612542F49200D24614 /* CurrencyConverter */;
			targetProxy = 691183792542F49700D24614 /* PBXContainerItemProxy */;
		};
		691183852542F49700D24614 /* PBXTargetDependency */ = {
			isa = PBXTargetDependency;
			target = 691183612542F49200D24614 /* CurrencyConverter */;
			targetProxy = 691183842542F49700D24614 /* PBXContainerItemProxy */;
		};
/* End PBXTargetDependency section */

/* Begin PBXVariantGroup section */
		691183702542F49600D24614 /* LaunchScreen.storyboard */ = {
			isa = PBXVariantGroup;
			children = (
				691183712542F49600D24614 /* Base */,
			);
			name = LaunchScreen.storyboard;
			sourceTree = "<group>";
		};
/* End PBXVariantGroup section */

/* Begin XCBuildConfiguration section */
		6911838A2542F49700D24614 /* Debug */ = {
			isa = XCBuildConfiguration;
			buildSettings = {
				ALWAYS_SEARCH_USER_PATHS = NO;
				CLANG_ANALYZER_NONNULL = YES;
				CLANG_ANALYZER_NUMBER_OBJECT_CONVERSION = YES_AGGRESSIVE;
				CLANG_CXX_LANGUAGE_STANDARD = "gnu++14";
				CLANG_CXX_LIBRARY = "libc++";
				CLANG_ENABLE_MODULES = YES;
				CLANG_ENABLE_OBJC_ARC = YES;
				CLANG_ENABLE_OBJC_WEAK = YES;
				CLANG_WARN_BLOCK_CAPTURE_AUTORELEASING = YES;
				CLANG_WARN_BOOL_CONVERSION = YES;
				CLANG_WARN_COMMA = YES;
				CLANG_WARN_CONSTANT_CONVERSION = YES;
				CLANG_WARN_DEPRECATED_OBJC_IMPLEMENTATIONS = YES;
				CLANG_WARN_DIRECT_OBJC_ISA_USAGE = YES_ERROR;
				CLANG_WARN_DOCUMENTATION_COMMENTS = YES;
				CLANG_WARN_EMPTY_BODY = YES;
				CLANG_WARN_ENUM_CONVERSION = YES;
				CLANG_WARN_INFINITE_RECURSION = YES;
				CLANG_WARN_INT_CONVERSION = YES;
				CLANG_WARN_NON_LITERAL_NULL_CONVERSION = YES;
				CLANG_WARN_OBJC_IMPLICIT_RETAIN_SELF = YES;
				CLANG_WARN_OBJC_LITERAL_CONVERSION = YES;
				CLANG_WARN_OBJC_ROOT_CLASS = YES_ERROR;
				CLANG_WARN_QUOTED_INCLUDE_IN_FRAMEWORK_HEADER = YES;
				CLANG_WARN_RANGE_LOOP_ANALYSIS = YES;
				CLANG_WARN_STRICT_PROTOTYPES = YES;
				CLANG_WARN_SUSPICIOUS_MOVE = YES;
				CLANG_WARN_UNGUARDED_AVAILABILITY = YES_AGGRESSIVE;
				CLANG_WARN_UNREACHABLE_CODE = YES;
				CLANG_WARN__DUPLICATE_METHOD_MATCH = YES;
				COPY_PHASE_STRIP = NO;
				DEBUG_INFORMATION_FORMAT = dwarf;
				ENABLE_STRICT_OBJC_MSGSEND = YES;
				ENABLE_TESTABILITY = YES;
				GCC_C_LANGUAGE_STANDARD = gnu11;
				GCC_DYNAMIC_NO_PIC = NO;
				GCC_NO_COMMON_BLOCKS = YES;
				GCC_OPTIMIZATION_LEVEL = 0;
				GCC_PREPROCESSOR_DEFINITIONS = (
					"DEBUG=1",
					"$(inherited)",
				);
				GCC_WARN_64_TO_32_BIT_CONVERSION = YES;
				GCC_WARN_ABOUT_RETURN_TYPE = YES_ERROR;
				GCC_WARN_UNDECLARED_SELECTOR = YES;
				GCC_WARN_UNINITIALIZED_AUTOS = YES_AGGRESSIVE;
				GCC_WARN_UNUSED_FUNCTION = YES;
				GCC_WARN_UNUSED_VARIABLE = YES;
				IPHONEOS_DEPLOYMENT_TARGET = 14.0;
				MTL_ENABLE_DEBUG_INFO = INCLUDE_SOURCE;
				MTL_FAST_MATH = YES;
				ONLY_ACTIVE_ARCH = YES;
				SDKROOT = iphoneos;
				SUPPORTED_PLATFORMS = "iphonesimulator iphoneos";
				SWIFT_ACTIVE_COMPILATION_CONDITIONS = DEBUG;
				SWIFT_OPTIMIZATION_LEVEL = "-Onone";
			};
			name = Debug;
		};
		6911838B2542F49700D24614 /* Release */ = {
			isa = XCBuildConfiguration;
			buildSettings = {
				ALWAYS_SEARCH_USER_PATHS = NO;
				CLANG_ANALYZER_NONNULL = YES;
				CLANG_ANALYZER_NUMBER_OBJECT_CONVERSION = YES_AGGRESSIVE;
				CLANG_CXX_LANGUAGE_STANDARD = "gnu++14";
				CLANG_CXX_LIBRARY = "libc++";
				CLANG_ENABLE_MODULES = YES;
				CLANG_ENABLE_OBJC_ARC = YES;
				CLANG_ENABLE_OBJC_WEAK = YES;
				CLANG_WARN_BLOCK_CAPTURE_AUTORELEASING = YES;
				CLANG_WARN_BOOL_CONVERSION = YES;
				CLANG_WARN_COMMA = YES;
				CLANG_WARN_CONSTANT_CONVERSION = YES;
				CLANG_WARN_DEPRECATED_OBJC_IMPLEMENTATIONS = YES;
				CLANG_WARN_DIRECT_OBJC_ISA_USAGE = YES_ERROR;
				CLANG_WARN_DOCUMENTATION_COMMENTS = YES;
				CLANG_WARN_EMPTY_BODY = YES;
				CLANG_WARN_ENUM_CONVERSION = YES;
				CLANG_WARN_INFINITE_RECURSION = YES;
				CLANG_WARN_INT_CONVERSION = YES;
				CLANG_WARN_NON_LITERAL_NULL_CONVERSION = YES;
				CLANG_WARN_OBJC_IMPLICIT_RETAIN_SELF = YES;
				CLANG_WARN_OBJC_LITERAL_CONVERSION = YES;
				CLANG_WARN_OBJC_ROOT_CLASS = YES_ERROR;
				CLANG_WARN_QUOTED_INCLUDE_IN_FRAMEWORK_HEADER = YES;
				CLANG_WARN_RANGE_LOOP_ANALYSIS = YES;
				CLANG_WARN_STRICT_PROTOTYPES = YES;
				CLANG_WARN_SUSPICIOUS_MOVE = YES;
				CLANG_WARN_UNGUARDED_AVAILABILITY = YES_AGGRESSIVE;
				CLANG_WARN_UNREACHABLE_CODE = YES;
				CLANG_WARN__DUPLICATE_METHOD_MATCH = YES;
				COPY_PHASE_STRIP = NO;
				DEBUG_INFORMATION_FORMAT = "dwarf-with-dsym";
				ENABLE_NS_ASSERTIONS = NO;
				ENABLE_STRICT_OBJC_MSGSEND = YES;
				GCC_C_LANGUAGE_STANDARD = gnu11;
				GCC_NO_COMMON_BLOCKS = YES;
				GCC_WARN_64_TO_32_BIT_CONVERSION = YES;
				GCC_WARN_ABOUT_RETURN_TYPE = YES_ERROR;
				GCC_WARN_UNDECLARED_SELECTOR = YES;
				GCC_WARN_UNINITIALIZED_AUTOS = YES_AGGRESSIVE;
				GCC_WARN_UNUSED_FUNCTION = YES;
				GCC_WARN_UNUSED_VARIABLE = YES;
				IPHONEOS_DEPLOYMENT_TARGET = 14.0;
				MTL_ENABLE_DEBUG_INFO = NO;
				MTL_FAST_MATH = YES;
				SDKROOT = iphoneos;
				SUPPORTED_PLATFORMS = "iphonesimulator iphoneos";
				SWIFT_COMPILATION_MODE = wholemodule;
				SWIFT_OPTIMIZATION_LEVEL = "-O";
				VALIDATE_PRODUCT = YES;
			};
			name = Release;
		};
		6911838D2542F49700D24614 /* Debug */ = {
			isa = XCBuildConfiguration;
			buildSettings = {
				ASSETCATALOG_COMPILER_APPICON_NAME = AppIcon;
				ASSETCATALOG_COMPILER_GLOBAL_ACCENT_COLOR_NAME = AccentColor;
				CODE_SIGN_STYLE = Automatic;
				DEVELOPMENT_ASSET_PATHS = "\"CurrencyConverter/Preview Content\"";
				DEVELOPMENT_TEAM = 9SMXYTBRQ4;
				ENABLE_PREVIEWS = YES;
				EXCLUDED_ARCHS = arm64;
				"EXCLUDED_ARCHS[sdk=*]" = arm64;
				INFOPLIST_FILE = CurrencyConverter/Info.plist;
				IPHONEOS_DEPLOYMENT_TARGET = 12.0;
				LD_RUNPATH_SEARCH_PATHS = (
					"$(inherited)",
					"@executable_path/Frameworks",
				);
				PRODUCT_BUNDLE_IDENTIFIER = com.zisch.CurrencyConverter;
				PRODUCT_NAME = "$(TARGET_NAME)";
				SUPPORTED_PLATFORMS = "iphonesimulator iphoneos";
				SWIFT_VERSION = 5.0;
				TARGETED_DEVICE_FAMILY = "1,2";
			};
			name = Debug;
		};
		6911838E2542F49700D24614 /* Release */ = {
			isa = XCBuildConfiguration;
			buildSettings = {
				ASSETCATALOG_COMPILER_APPICON_NAME = AppIcon;
				ASSETCATALOG_COMPILER_GLOBAL_ACCENT_COLOR_NAME = AccentColor;
				CODE_SIGN_STYLE = Automatic;
				DEVELOPMENT_ASSET_PATHS = "\"CurrencyConverter/Preview Content\"";
				DEVELOPMENT_TEAM = 9SMXYTBRQ4;
				ENABLE_PREVIEWS = YES;
				EXCLUDED_ARCHS = arm64;
				INFOPLIST_FILE = CurrencyConverter/Info.plist;
				IPHONEOS_DEPLOYMENT_TARGET = 12.0;
				LD_RUNPATH_SEARCH_PATHS = (
					"$(inherited)",
					"@executable_path/Frameworks",
				);
				PRODUCT_BUNDLE_IDENTIFIER = com.zisch.CurrencyConverter;
				PRODUCT_NAME = "$(TARGET_NAME)";
				SUPPORTED_PLATFORMS = "iphonesimulator iphoneos";
				SWIFT_VERSION = 5.0;
				TARGETED_DEVICE_FAMILY = "1,2";
			};
			name = Release;
		};
		691183902542F49700D24614 /* Debug */ = {
			isa = XCBuildConfiguration;
			buildSettings = {
				ALWAYS_EMBED_SWIFT_STANDARD_LIBRARIES = YES;
				BUNDLE_LOADER = "$(TEST_HOST)";
				CODE_SIGN_STYLE = Automatic;
				DEVELOPMENT_TEAM = 9SMXYTBRQ4;
				INFOPLIST_FILE = CurrencyConverterTests/Info.plist;
				IPHONEOS_DEPLOYMENT_TARGET = 14.0;
				LD_RUNPATH_SEARCH_PATHS = (
					"$(inherited)",
					"@executable_path/Frameworks",
					"@loader_path/Frameworks",
				);
				PRODUCT_BUNDLE_IDENTIFIER = com.zisch.CurrencyConverterTests;
				PRODUCT_NAME = "$(TARGET_NAME)";
				SWIFT_VERSION = 5.0;
				TARGETED_DEVICE_FAMILY = "1,2";
				TEST_HOST = "$(BUILT_PRODUCTS_DIR)/CurrencyConverter.app/CurrencyConverter";
			};
			name = Debug;
		};
		691183912542F49700D24614 /* Release */ = {
			isa = XCBuildConfiguration;
			buildSettings = {
				ALWAYS_EMBED_SWIFT_STANDARD_LIBRARIES = YES;
				BUNDLE_LOADER = "$(TEST_HOST)";
				CODE_SIGN_STYLE = Automatic;
				DEVELOPMENT_TEAM = 9SMXYTBRQ4;
				INFOPLIST_FILE = CurrencyConverterTests/Info.plist;
				IPHONEOS_DEPLOYMENT_TARGET = 14.0;
				LD_RUNPATH_SEARCH_PATHS = (
					"$(inherited)",
					"@executable_path/Frameworks",
					"@loader_path/Frameworks",
				);
				PRODUCT_BUNDLE_IDENTIFIER = com.zisch.CurrencyConverterTests;
				PRODUCT_NAME = "$(TARGET_NAME)";
				SWIFT_VERSION = 5.0;
				TARGETED_DEVICE_FAMILY = "1,2";
				TEST_HOST = "$(BUILT_PRODUCTS_DIR)/CurrencyConverter.app/CurrencyConverter";
			};
			name = Release;
		};
		691183932542F49700D24614 /* Debug */ = {
			isa = XCBuildConfiguration;
			buildSettings = {
				ALWAYS_EMBED_SWIFT_STANDARD_LIBRARIES = YES;
				CODE_SIGN_STYLE = Automatic;
				DEVELOPMENT_TEAM = 9SMXYTBRQ4;
				INFOPLIST_FILE = CurrencyConverterUITests/Info.plist;
				LD_RUNPATH_SEARCH_PATHS = (
					"$(inherited)",
					"@executable_path/Frameworks",
					"@loader_path/Frameworks",
				);
				PRODUCT_BUNDLE_IDENTIFIER = com.zisch.CurrencyConverterUITests;
				PRODUCT_NAME = "$(TARGET_NAME)";
				SWIFT_VERSION = 5.0;
				TARGETED_DEVICE_FAMILY = "1,2";
				TEST_TARGET_NAME = CurrencyConverter;
			};
			name = Debug;
		};
		691183942542F49700D24614 /* Release */ = {
			isa = XCBuildConfiguration;
			buildSettings = {
				ALWAYS_EMBED_SWIFT_STANDARD_LIBRARIES = YES;
				CODE_SIGN_STYLE = Automatic;
				DEVELOPMENT_TEAM = 9SMXYTBRQ4;
				INFOPLIST_FILE = CurrencyConverterUITests/Info.plist;
				LD_RUNPATH_SEARCH_PATHS = (
					"$(inherited)",
					"@executable_path/Frameworks",
					"@loader_path/Frameworks",
				);
				PRODUCT_BUNDLE_IDENTIFIER = com.zisch.CurrencyConverterUITests;
				PRODUCT_NAME = "$(TARGET_NAME)";
				SWIFT_VERSION = 5.0;
				TARGETED_DEVICE_FAMILY = "1,2";
				TEST_TARGET_NAME = CurrencyConverter;
			};
			name = Release;
		};
/* End XCBuildConfiguration section */

/* Begin XCConfigurationList section */
		6911835D2542F49200D24614 /* Build configuration list for PBXProject "CurrencyConverter" */ = {
			isa = XCConfigurationList;
			buildConfigurations = (
				6911838A2542F49700D24614 /* Debug */,
				6911838B2542F49700D24614 /* Release */,
			);
			defaultConfigurationIsVisible = 0;
			defaultConfigurationName = Release;
		};
		6911838C2542F49700D24614 /* Build configuration list for PBXNativeTarget "CurrencyConverter" */ = {
			isa = XCConfigurationList;
			buildConfigurations = (
				6911838D2542F49700D24614 /* Debug */,
				6911838E2542F49700D24614 /* Release */,
			);
			defaultConfigurationIsVisible = 0;
			defaultConfigurationName = Release;
		};
		6911838F2542F49700D24614 /* Build configuration list for PBXNativeTarget "CurrencyConverterTests" */ = {
			isa = XCConfigurationList;
			buildConfigurations = (
				691183902542F49700D24614 /* Debug */,
				691183912542F49700D24614 /* Release */,
			);
			defaultConfigurationIsVisible = 0;
			defaultConfigurationName = Release;
		};
		691183922542F49700D24614 /* Build configuration list for PBXNativeTarget "CurrencyConverterUITests" */ = {
			isa = XCConfigurationList;
			buildConfigurations = (
				691183932542F49700D24614 /* Debug */,
				691183942542F49700D24614 /* Release */,
			);
			defaultConfigurationIsVisible = 0;
			defaultConfigurationName = Release;
		};
/* End XCConfigurationList section */
	};
	rootObject = 6911835A2542F49200D24614 /* Project object */;
}
